
Microsoft Visual Studio Solution File, Format Version 11.00
# Visual Studio 2010
Project("{FAE04EC0-301F-11D3-BF4B-00C04F79EFBC}") = "WishList", "WishList\WishList.csproj", "{FAC40341-C5D8-430A-ABCF-0469E5E9FEEC}"
EndProject
Global
	GlobalSection(SolutionConfigurationPlatforms) = preSolution
		Debug|Any CPU = Debug|Any CPU
		Release|Any CPU = Release|Any CPU
	EndGlobalSection
	GlobalSection(ProjectConfigurationPlatforms) = postSolution
		{FAC40341-C5D8-430A-ABCF-0469E5E9FEEC}.Debug|Any CPU.ActiveCfg = Debug|Any CPU
		{FAC40341-C5D8-430A-ABCF-0469E5E9FEEC}.Debug|Any CPU.Build.0 = Debug|Any CPU
		{FAC40341-C5D8-430A-ABCF-0469E5E9FEEC}.Debug|Any CPU.Deploy.0 = Debug|Any CPU
		{FAC40341-C5D8-430A-ABCF-0469E5E9FEEC}.Release|Any CPU.ActiveCfg = Release|Any CPU
		{FAC40341-C5D8-430A-ABCF-0469E5E9FEEC}.Release|Any CPU.Build.0 = Release|Any CPU
		{FAC40341-C5D8-430A-ABCF-0469E5E9FEEC}.Release|Any CPU.Deploy.0 = Release|Any CPU
	EndGlobalSection
	GlobalSection(SolutionProperties) = preSolution
		HideSolutionNode = FALSE
	EndGlobalSection
EndGlobal
